
Microsoft Visual Studio Solution File, Format Version 12.00
# Visual Studio Version 17
VisualStudioVersion = 17.9.34728.123
MinimumVisualStudioVersion = 10.0.40219.1
Project("{FAE04EC0-301F-11D3-BF4B-00C04F79EFBC}") = "JalilApiSecurity", "JalilApiSecurity\JalilApiSecurity.csproj", "{139D5AEF-BF09-4AD8-9E4D-18384EE5D045}"
EndProject
Global
	GlobalSection(SolutionConfigurationPlatforms) = preSolution
		Debug|Any CPU = Debug|Any CPU
		Release|Any CPU = Release|Any CPU
	EndGlobalSection
	GlobalSection(ProjectConfigurationPlatforms) = postSolution
		{139D5AEF-BF09-4AD8-9E4D-18384EE5D045}.Debug|Any CPU.ActiveCfg = Debug|Any CPU
		{139D5AEF-BF09-4AD8-9E4D-18384EE5D045}.Debug|Any CPU.Build.0 = Debug|Any CPU
		{139D5AEF-BF09-4AD8-9E4D-18384EE5D045}.Release|Any CPU.ActiveCfg = Release|Any CPU
		{139D5AEF-BF09-4AD8-9E4D-18384EE5D045}.Release|Any CPU.Build.0 = Release|Any CPU
	EndGlobalSection
	GlobalSection(SolutionProperties) = preSolution
		HideSolutionNode = FALSE
	EndGlobalSection
	GlobalSection(ExtensibilityGlobals) = postSolution
		SolutionGuid = {8264276B-797D-4EB9-BE53-7A70A605CC0F}
	EndGlobalSection
EndGlobal
